
Microsoft Visual Studio Solution File, Format Version 10.00
# Visual Studio 2008
Project("{FAE04EC0-301F-11D3-BF4B-00C04F79EFBC}") = "BudabotItemsExtractor", "BudabotItemsExtractor\BudabotItemsExtractor.csproj", "{6CD988D6-869D-4565-A343-6235DEB01296}"
EndProject
Global
	GlobalSection(SolutionConfigurationPlatforms) = preSolution
		Debug|Any CPU = Debug|Any CPU
		Release|Any CPU = Release|Any CPU
	EndGlobalSection
	GlobalSection(ProjectConfigurationPlatforms) = postSolution
		{6CD988D6-869D-4565-A343-6235DEB01296}.Debug|Any CPU.ActiveCfg = Release|Any CPU
		{6CD988D6-869D-4565-A343-6235DEB01296}.Debug|Any CPU.Build.0 = Release|Any CPU
		{6CD988D6-869D-4565-A343-6235DEB01296}.Release|Any CPU.ActiveCfg = Release|Any CPU
		{6CD988D6-869D-4565-A343-6235DEB01296}.Release|Any CPU.Build.0 = Release|Any CPU
	EndGlobalSection
	GlobalSection(SolutionProperties) = preSolution
		HideSolutionNode = FALSE
	EndGlobalSection
EndGlobal
